<?xml version="1.0" encoding="UTF-8"?>
<!DOCTYPE plist PUBLIC "-//Apple//DTD PLIST 1.0//EN" "http://www.apple.com/DTDs/PropertyList-1.0.dtd">
<plist version="1.0">
<dict>
	<key>archiveVersion</key>
	<string>1</string>
	<key>classes</key>
	<dict/>
	<key>objectVersion</key>
	<string>46</string>
	<key>objects</key>
	<dict>
		<key>074B54067E046ACB6A32BCBC</key>
		<dict>
			<key>buildActionMask</key>
			<string>2147483647</string>
			<key>files</key>
			<array/>
			<key>inputPaths</key>
			<array/>
			<key>isa</key>
			<string>PBXShellScriptBuildPhase</string>
			<key>name</key>
			<string>&#128230; Copy Pods Resources</string>
			<key>outputPaths</key>
			<array/>
			<key>runOnlyForDeploymentPostprocessing</key>
			<string>0</string>
			<key>shellPath</key>
			<string>/bin/sh</string>
			<key>shellScript</key>
			<string>"${SRCROOT}/Pods/Target Support Files/Pods-uHype/Pods-uHype-resources.sh"
</string>
			<key>showEnvVarsInLog</key>
			<string>0</string>
		</dict>
		<key>2D70AA597F668D1E0A9B775B</key>
		<dict>
			<key>children</key>
			<array>
				<string>C016B6ABAD9CFB3BD333A951</string>
				<string>81C3EFCD9FDFAE8B44203116</string>
			</array>
			<key>isa</key>
			<string>PBXGroup</string>
			<key>name</key>
			<string>Pods</string>
			<key>sourceTree</key>
			<string>&lt;group&gt;</string>
		</dict>
		<key>4BDA48DD60B2A687E9C15E7C</key>
		<dict>
			<key>buildActionMask</key>
			<string>2147483647</string>
			<key>files</key>
			<array/>
			<key>inputPaths</key>
			<array/>
			<key>isa</key>
			<string>PBXShellScriptBuildPhase</string>
			<key>name</key>
			<string>&#128230; Check Pods Manifest.lock</string>
			<key>outputPaths</key>
			<array/>
			<key>runOnlyForDeploymentPostprocessing</key>
			<string>0</string>
			<key>shellPath</key>
			<string>/bin/sh</string>
			<key>shellScript</key>
			<string>diff "${PODS_ROOT}/../Podfile.lock" "${PODS_ROOT}/Manifest.lock" &gt; /dev/null
if [[ $? != 0 ]] ; then
    cat &lt;&lt; EOM
error: The sandbox is not in sync with the Podfile.lock. Run 'pod install' or update your CocoaPods installation.
EOM
    exit 1
fi
</string>
			<key>showEnvVarsInLog</key>
			<string>0</string>
		</dict>
		<key>7285F8DDE0EA2AFF5DDC65E2</key>
		<dict>
			<key>explicitFileType</key>
			<string>wrapper.framework</string>
			<key>includeInIndex</key>
			<string>0</string>
			<key>isa</key>
			<string>PBXFileReference</string>
			<key>path</key>
			<string>Pods_uHype.framework</string>
			<key>sourceTree</key>
			<string>BUILT_PRODUCTS_DIR</string>
		</dict>
		<key>754D50011EFFBC2000BE04AC</key>
		<dict>
			<key>children</key>
			<array>
				<string>754D500C1EFFBC2000BE04AC</string>
				<string>754D50241EFFBC2000BE04AC</string>
				<string>754D502F1EFFBC2000BE04AC</string>
				<string>754D500B1EFFBC2000BE04AC</string>
				<string>2D70AA597F668D1E0A9B775B</string>
				<string>9D29519491202F9FAB079FC5</string>
			</array>
			<key>isa</key>
			<string>PBXGroup</string>
			<key>sourceTree</key>
			<string>&lt;group&gt;</string>
		</dict>
		<key>754D50021EFFBC2000BE04AC</key>
		<dict>
			<key>attributes</key>
			<dict>
				<key>LastSwiftUpdateCheck</key>
				<string>0830</string>
				<key>LastUpgradeCheck</key>
				<string>0830</string>
				<key>ORGANIZATIONNAME</key>
				<string>Ashish Mishra</string>
				<key>TargetAttributes</key>
				<dict>
					<key>754D50091EFFBC2000BE04AC</key>
					<dict>
						<key>CreatedOnToolsVersion</key>
						<string>8.3</string>
						<key>DevelopmentTeam</key>
						<string>DVT26A466Y</string>
						<key>LastSwiftMigration</key>
						<string>0830</string>
						<key>ProvisioningStyle</key>
						<string>Automatic</string>
					</dict>
					<key>754D50201EFFBC2000BE04AC</key>
					<dict>
						<key>CreatedOnToolsVersion</key>
						<string>8.3</string>
						<key>DevelopmentTeam</key>
						<string>DVT26A466Y</string>
						<key>LastSwiftMigration</key>
						<string>0830</string>
						<key>ProvisioningStyle</key>
						<string>Automatic</string>
						<key>TestTargetID</key>
						<string>754D50091EFFBC2000BE04AC</string>
					</dict>
					<key>754D502B1EFFBC2000BE04AC</key>
					<dict>
						<key>CreatedOnToolsVersion</key>
						<string>8.3</string>
						<key>DevelopmentTeam</key>
						<string>DVT26A466Y</string>
						<key>LastSwiftMigration</key>
						<string>0830</string>
						<key>ProvisioningStyle</key>
						<string>Automatic</string>
						<key>TestTargetID</key>
						<string>754D50091EFFBC2000BE04AC</string>
					</dict>
				</dict>
			</dict>
			<key>buildConfigurationList</key>
			<string>754D50051EFFBC2000BE04AC</string>
			<key>compatibilityVersion</key>
			<string>Xcode 3.2</string>
			<key>developmentRegion</key>
			<string>English</string>
			<key>hasScannedForEncodings</key>
			<string>0</string>
			<key>isa</key>
			<string>PBXProject</string>
			<key>knownRegions</key>
			<array>
				<string>en</string>
				<string>Base</string>
			</array>
			<key>mainGroup</key>
			<string>754D50011EFFBC2000BE04AC</string>
			<key>productRefGroup</key>
			<string>754D500B1EFFBC2000BE04AC</string>
			<key>projectDirPath</key>
			<string></string>
			<key>projectReferences</key>
			<array/>
			<key>projectRoot</key>
			<string></string>
			<key>targets</key>
			<array>
				<string>754D50091EFFBC2000BE04AC</string>
				<string>754D50201EFFBC2000BE04AC</string>
				<string>754D502B1EFFBC2000BE04AC</string>
			</array>
		</dict>
		<key>754D50051EFFBC2000BE04AC</key>
		<dict>
			<key>buildConfigurations</key>
			<array>
				<string>754D50331EFFBC2000BE04AC</string>
				<string>754D50341EFFBC2000BE04AC</string>
			</array>
			<key>defaultConfigurationIsVisible</key>
			<string>0</string>
			<key>defaultConfigurationName</key>
			<string>Release</string>
			<key>isa</key>
			<string>XCConfigurationList</string>
		</dict>
		<key>754D50061EFFBC2000BE04AC</key>
		<dict>
			<key>buildActionMask</key>
			<string>2147483647</string>
			<key>files</key>
			<array>
				<string>754D50461F0223FB00BE04AC</string>
				<string>754D50421F01B86600BE04AC</string>
				<string>754D50101EFFBC2000BE04AC</string>
				<string>754D500E1EFFBC2000BE04AC</string>
				<string>754D50161EFFBC2000BE04AC</string>
				<string>754D50441F01B87800BE04AC</string>
				<string>754D50481F02245F00BE04AC</string>
			</array>
			<key>isa</key>
			<string>PBXSourcesBuildPhase</string>
			<key>runOnlyForDeploymentPostprocessing</key>
			<string>0</string>
		</dict>
		<key>754D50071EFFBC2000BE04AC</key>
		<dict>
			<key>buildActionMask</key>
			<string>2147483647</string>
			<key>files</key>
			<array>
				<string>93B2F4D0245BC09030D7AADE</string>
			</array>
			<key>isa</key>
			<string>PBXFrameworksBuildPhase</string>
			<key>runOnlyForDeploymentPostprocessing</key>
			<string>0</string>
		</dict>
		<key>754D50081EFFBC2000BE04AC</key>
		<dict>
			<key>buildActionMask</key>
			<string>2147483647</string>
			<key>files</key>
			<array>
				<string>754D501B1EFFBC2000BE04AC</string>
				<string>754D503F1EFFBCED00BE04AC</string>
				<string>754D50181EFFBC2000BE04AC</string>
				<string>754D50131EFFBC2000BE04AC</string>
			</array>
			<key>isa</key>
			<string>PBXResourcesBuildPhase</string>
			<key>runOnlyForDeploymentPostprocessing</key>
			<string>0</string>
		</dict>
		<key>754D50091EFFBC2000BE04AC</key>
		<dict>
			<key>buildConfigurationList</key>
			<string>754D50351EFFBC2000BE04AC</string>
			<key>buildPhases</key>
			<array>
				<string>4BDA48DD60B2A687E9C15E7C</string>
				<string>754D50061EFFBC2000BE04AC</string>
				<string>754D50071EFFBC2000BE04AC</string>
				<string>754D50081EFFBC2000BE04AC</string>
				<string>9886094F686EA3A923CF1338</string>
				<string>074B54067E046ACB6A32BCBC</string>
			</array>
			<key>buildRules</key>
			<array/>
			<key>dependencies</key>
			<array/>
			<key>isa</key>
			<string>PBXNativeTarget</string>
			<key>name</key>
			<string>uHype</string>
			<key>productName</key>
			<string>uHype</string>
			<key>productReference</key>
			<string>754D500A1EFFBC2000BE04AC</string>
			<key>productType</key>
			<string>com.apple.product-type.application</string>
		</dict>
		<key>754D500A1EFFBC2000BE04AC</key>
		<dict>
			<key>explicitFileType</key>
			<string>wrapper.application</string>
			<key>includeInIndex</key>
			<string>0</string>
			<key>isa</key>
			<string>PBXFileReference</string>
			<key>path</key>
			<string>uHype.app</string>
			<key>sourceTree</key>
			<string>BUILT_PRODUCTS_DIR</string>
		</dict>
		<key>754D500B1EFFBC2000BE04AC</key>
		<dict>
			<key>children</key>
			<array>
				<string>754D500A1EFFBC2000BE04AC</string>
				<string>754D50211EFFBC2000BE04AC</string>
				<string>754D502C1EFFBC2000BE04AC</string>
			</array>
			<key>isa</key>
			<string>PBXGroup</string>
			<key>name</key>
			<string>Products</string>
			<key>sourceTree</key>
			<string>&lt;group&gt;</string>
		</dict>
		<key>754D500C1EFFBC2000BE04AC</key>
		<dict>
			<key>children</key>
			<array>
				<string>754D50401F01B84000BE04AC</string>
				<string>754D500D1EFFBC2000BE04AC</string>
				<string>754D500F1EFFBC2000BE04AC</string>
				<string>754D50111EFFBC2000BE04AC</string>
				<string>754D50171EFFBC2000BE04AC</string>
				<string>754D50191EFFBC2000BE04AC</string>
				<string>754D501C1EFFBC2000BE04AC</string>
				<string>754D50141EFFBC2000BE04AC</string>
				<string>754D503E1EFFBCED00BE04AC</string>
				<string>754D50451F0223FB00BE04AC</string>
				<string>754D50471F02245F00BE04AC</string>
			</array>
			<key>isa</key>
			<string>PBXGroup</string>
			<key>path</key>
			<string>uHype</string>
			<key>sourceTree</key>
			<string>&lt;group&gt;</string>
		</dict>
		<key>754D500D1EFFBC2000BE04AC</key>
		<dict>
			<key>isa</key>
			<string>PBXFileReference</string>
			<key>lastKnownFileType</key>
			<string>sourcecode.swift</string>
			<key>path</key>
			<string>AppDelegate.swift</string>
			<key>sourceTree</key>
			<string>&lt;group&gt;</string>
		</dict>
		<key>754D500E1EFFBC2000BE04AC</key>
		<dict>
			<key>fileRef</key>
			<string>754D500D1EFFBC2000BE04AC</string>
			<key>isa</key>
			<string>PBXBuildFile</string>
		</dict>
		<key>754D500F1EFFBC2000BE04AC</key>
		<dict>
			<key>isa</key>
			<string>PBXFileReference</string>
			<key>lastKnownFileType</key>
			<string>sourcecode.swift</string>
			<key>path</key>
			<string>ViewController.swift</string>
			<key>sourceTree</key>
			<string>&lt;group&gt;</string>
		</dict>
		<key>754D50101EFFBC2000BE04AC</key>
		<dict>
			<key>fileRef</key>
			<string>754D500F1EFFBC2000BE04AC</string>
			<key>isa</key>
			<string>PBXBuildFile</string>
		</dict>
		<key>754D50111EFFBC2000BE04AC</key>
		<dict>
			<key>children</key>
			<array>
				<string>754D50121EFFBC2000BE04AC</string>
			</array>
			<key>isa</key>
			<string>PBXVariantGroup</string>
			<key>name</key>
			<string>Main.storyboard</string>
			<key>sourceTree</key>
			<string>&lt;group&gt;</string>
		</dict>
		<key>754D50121EFFBC2000BE04AC</key>
		<dict>
			<key>isa</key>
			<string>PBXFileReference</string>
			<key>lastKnownFileType</key>
			<string>file.storyboard</string>
			<key>name</key>
			<string>Base</string>
			<key>path</key>
			<string>Base.lproj/Main.storyboard</string>
			<key>sourceTree</key>
			<string>&lt;group&gt;</string>
		</dict>
		<key>754D50131EFFBC2000BE04AC</key>
		<dict>
			<key>fileRef</key>
			<string>754D50111EFFBC2000BE04AC</string>
			<key>isa</key>
			<string>PBXBuildFile</string>
		</dict>
		<key>754D50141EFFBC2000BE04AC</key>
		<dict>
			<key>children</key>
			<array>
				<string>754D50151EFFBC2000BE04AC</string>
			</array>
			<key>currentVersion</key>
			<string>754D50151EFFBC2000BE04AC</string>
			<key>isa</key>
			<string>XCVersionGroup</string>
			<key>path</key>
			<string>uHype.xcdatamodeld</string>
			<key>sourceTree</key>
			<string>&lt;group&gt;</string>
			<key>versionGroupType</key>
			<string>wrapper.xcdatamodel</string>
		</dict>
		<key>754D50151EFFBC2000BE04AC</key>
		<dict>
			<key>isa</key>
			<string>PBXFileReference</string>
			<key>lastKnownFileType</key>
			<string>wrapper.xcdatamodel</string>
			<key>path</key>
			<string>uHype.xcdatamodel</string>
			<key>sourceTree</key>
			<string>&lt;group&gt;</string>
		</dict>
		<key>754D50161EFFBC2000BE04AC</key>
		<dict>
			<key>fileRef</key>
			<string>754D50141EFFBC2000BE04AC</string>
			<key>isa</key>
			<string>PBXBuildFile</string>
		</dict>
		<key>754D50171EFFBC2000BE04AC</key>
		<dict>
			<key>isa</key>
			<string>PBXFileReference</string>
			<key>lastKnownFileType</key>
			<string>folder.assetcatalog</string>
			<key>path</key>
			<string>Assets.xcassets</string>
			<key>sourceTree</key>
			<string>&lt;group&gt;</string>
		</dict>
		<key>754D50181EFFBC2000BE04AC</key>
		<dict>
			<key>fileRef</key>
			<string>754D50171EFFBC2000BE04AC</string>
			<key>isa</key>
			<string>PBXBuildFile</string>
		</dict>
		<key>754D50191EFFBC2000BE04AC</key>
		<dict>
			<key>children</key>
			<array>
				<string>754D501A1EFFBC2000BE04AC</string>
			</array>
			<key>isa</key>
			<string>PBXVariantGroup</string>
			<key>name</key>
			<string>LaunchScreen.storyboard</string>
			<key>sourceTree</key>
			<string>&lt;group&gt;</string>
		</dict>
		<key>754D501A1EFFBC2000BE04AC</key>
		<dict>
			<key>isa</key>
			<string>PBXFileReference</string>
			<key>lastKnownFileType</key>
			<string>file.storyboard</string>
			<key>name</key>
			<string>Base</string>
			<key>path</key>
			<string>Base.lproj/LaunchScreen.storyboard</string>
			<key>sourceTree</key>
			<string>&lt;group&gt;</string>
		</dict>
		<key>754D501B1EFFBC2000BE04AC</key>
		<dict>
			<key>fileRef</key>
			<string>754D50191EFFBC2000BE04AC</string>
			<key>isa</key>
			<string>PBXBuildFile</string>
		</dict>
		<key>754D501C1EFFBC2000BE04AC</key>
		<dict>
			<key>isa</key>
			<string>PBXFileReference</string>
			<key>lastKnownFileType</key>
			<string>text.plist.xml</string>
			<key>path</key>
			<string>Info.plist</string>
			<key>sourceTree</key>
			<string>&lt;group&gt;</string>
		</dict>
		<key>754D501D1EFFBC2000BE04AC</key>
		<dict>
			<key>buildActionMask</key>
			<string>2147483647</string>
			<key>files</key>
			<array>
				<string>754D50261EFFBC2000BE04AC</string>
			</array>
			<key>isa</key>
			<string>PBXSourcesBuildPhase</string>
			<key>runOnlyForDeploymentPostprocessing</key>
			<string>0</string>
		</dict>
		<key>754D501E1EFFBC2000BE04AC</key>
		<dict>
			<key>buildActionMask</key>
			<string>2147483647</string>
			<key>files</key>
			<array/>
			<key>isa</key>
			<string>PBXFrameworksBuildPhase</string>
			<key>runOnlyForDeploymentPostprocessing</key>
			<string>0</string>
		</dict>
		<key>754D501F1EFFBC2000BE04AC</key>
		<dict>
			<key>buildActionMask</key>
			<string>2147483647</string>
			<key>files</key>
			<array/>
			<key>isa</key>
			<string>PBXResourcesBuildPhase</string>
			<key>runOnlyForDeploymentPostprocessing</key>
			<string>0</string>
		</dict>
		<key>754D50201EFFBC2000BE04AC</key>
		<dict>
			<key>buildConfigurationList</key>
			<string>754D50381EFFBC2000BE04AC</string>
			<key>buildPhases</key>
			<array>
				<string>754D501D1EFFBC2000BE04AC</string>
				<string>754D501E1EFFBC2000BE04AC</string>
				<string>754D501F1EFFBC2000BE04AC</string>
			</array>
			<key>buildRules</key>
			<array/>
			<key>dependencies</key>
			<array>
				<string>754D50231EFFBC2000BE04AC</string>
			</array>
			<key>isa</key>
			<string>PBXNativeTarget</string>
			<key>name</key>
			<string>uHypeTests</string>
			<key>productName</key>
			<string>uHypeTests</string>
			<key>productReference</key>
			<string>754D50211EFFBC2000BE04AC</string>
			<key>productType</key>
			<string>com.apple.product-type.bundle.unit-test</string>
		</dict>
		<key>754D50211EFFBC2000BE04AC</key>
		<dict>
			<key>explicitFileType</key>
			<string>wrapper.cfbundle</string>
			<key>includeInIndex</key>
			<string>0</string>
			<key>isa</key>
			<string>PBXFileReference</string>
			<key>path</key>
			<string>uHypeTests.xctest</string>
			<key>sourceTree</key>
			<string>BUILT_PRODUCTS_DIR</string>
		</dict>
		<key>754D50221EFFBC2000BE04AC</key>
		<dict>
			<key>containerPortal</key>
			<string>754D50021EFFBC2000BE04AC</string>
			<key>isa</key>
			<string>PBXContainerItemProxy</string>
			<key>proxyType</key>
			<string>1</string>
			<key>remoteGlobalIDString</key>
			<string>754D50091EFFBC2000BE04AC</string>
			<key>remoteInfo</key>
			<string>uHype</string>
		</dict>
		<key>754D50231EFFBC2000BE04AC</key>
		<dict>
			<key>isa</key>
			<string>PBXTargetDependency</string>
			<key>target</key>
			<string>754D50091EFFBC2000BE04AC</string>
			<key>targetProxy</key>
			<string>754D50221EFFBC2000BE04AC</string>
		</dict>
		<key>754D50241EFFBC2000BE04AC</key>
		<dict>
			<key>children</key>
			<array>
				<string>754D50251EFFBC2000BE04AC</string>
				<string>754D50271EFFBC2000BE04AC</string>
			</array>
			<key>isa</key>
			<string>PBXGroup</string>
			<key>path</key>
			<string>uHypeTests</string>
			<key>sourceTree</key>
			<string>&lt;group&gt;</string>
		</dict>
		<key>754D50251EFFBC2000BE04AC</key>
		<dict>
			<key>isa</key>
			<string>PBXFileReference</string>
			<key>lastKnownFileType</key>
			<string>sourcecode.swift</string>
			<key>path</key>
			<string>uHypeTests.swift</string>
			<key>sourceTree</key>
			<string>&lt;group&gt;</string>
		</dict>
		<key>754D50261EFFBC2000BE04AC</key>
		<dict>
			<key>fileRef</key>
			<string>754D50251EFFBC2000BE04AC</string>
			<key>isa</key>
			<string>PBXBuildFile</string>
		</dict>
		<key>754D50271EFFBC2000BE04AC</key>
		<dict>
			<key>isa</key>
			<string>PBXFileReference</string>
			<key>lastKnownFileType</key>
			<string>text.plist.xml</string>
			<key>path</key>
			<string>Info.plist</string>
			<key>sourceTree</key>
			<string>&lt;group&gt;</string>
		</dict>
		<key>754D50281EFFBC2000BE04AC</key>
		<dict>
			<key>buildActionMask</key>
			<string>2147483647</string>
			<key>files</key>
			<array>
				<string>754D50311EFFBC2000BE04AC</string>
			</array>
			<key>isa</key>
			<string>PBXSourcesBuildPhase</string>
			<key>runOnlyForDeploymentPostprocessing</key>
			<string>0</string>
		</dict>
		<key>754D50291EFFBC2000BE04AC</key>
		<dict>
			<key>buildActionMask</key>
			<string>2147483647</string>
			<key>files</key>
			<array/>
			<key>isa</key>
			<string>PBXFrameworksBuildPhase</string>
			<key>runOnlyForDeploymentPostprocessing</key>
			<string>0</string>
		</dict>
		<key>754D502A1EFFBC2000BE04AC</key>
		<dict>
			<key>buildActionMask</key>
			<string>2147483647</string>
			<key>files</key>
			<array/>
			<key>isa</key>
			<string>PBXResourcesBuildPhase</string>
			<key>runOnlyForDeploymentPostprocessing</key>
			<string>0</string>
		</dict>
		<key>754D502B1EFFBC2000BE04AC</key>
		<dict>
			<key>buildConfigurationList</key>
			<string>754D503B1EFFBC2000BE04AC</string>
			<key>buildPhases</key>
			<array>
				<string>754D50281EFFBC2000BE04AC</string>
				<string>754D50291EFFBC2000BE04AC</string>
				<string>754D502A1EFFBC2000BE04AC</string>
			</array>
			<key>buildRules</key>
			<array/>
			<key>dependencies</key>
			<array>
				<string>754D502E1EFFBC2000BE04AC</string>
			</array>
			<key>isa</key>
			<string>PBXNativeTarget</string>
			<key>name</key>
			<string>uHypeUITests</string>
			<key>productName</key>
			<string>uHypeUITests</string>
			<key>productReference</key>
			<string>754D502C1EFFBC2000BE04AC</string>
			<key>productType</key>
			<string>com.apple.product-type.bundle.ui-testing</string>
		</dict>
		<key>754D502C1EFFBC2000BE04AC</key>
		<dict>
			<key>explicitFileType</key>
			<string>wrapper.cfbundle</string>
			<key>includeInIndex</key>
			<string>0</string>
			<key>isa</key>
			<string>PBXFileReference</string>
			<key>path</key>
			<string>uHypeUITests.xctest</string>
			<key>sourceTree</key>
			<string>BUILT_PRODUCTS_DIR</string>
		</dict>
		<key>754D502D1EFFBC2000BE04AC</key>
		<dict>
			<key>containerPortal</key>
			<string>754D50021EFFBC2000BE04AC</string>
			<key>isa</key>
			<string>PBXContainerItemProxy</string>
			<key>proxyType</key>
			<string>1</string>
			<key>remoteGlobalIDString</key>
			<string>754D50091EFFBC2000BE04AC</string>
			<key>remoteInfo</key>
			<string>uHype</string>
		</dict>
		<key>754D502E1EFFBC2000BE04AC</key>
		<dict>
			<key>isa</key>
			<string>PBXTargetDependency</string>
			<key>target</key>
			<string>754D50091EFFBC2000BE04AC</string>
			<key>targetProxy</key>
			<string>754D502D1EFFBC2000BE04AC</string>
		</dict>
		<key>754D502F1EFFBC2000BE04AC</key>
		<dict>
			<key>children</key>
			<array>
				<string>754D50301EFFBC2000BE04AC</string>
				<string>754D50321EFFBC2000BE04AC</string>
			</array>
			<key>isa</key>
			<string>PBXGroup</string>
			<key>path</key>
			<string>uHypeUITests</string>
			<key>sourceTree</key>
			<string>&lt;group&gt;</string>
		</dict>
		<key>754D50301EFFBC2000BE04AC</key>
		<dict>
			<key>isa</key>
			<string>PBXFileReference</string>
			<key>lastKnownFileType</key>
			<string>sourcecode.swift</string>
			<key>path</key>
			<string>uHypeUITests.swift</string>
			<key>sourceTree</key>
			<string>&lt;group&gt;</string>
		</dict>
		<key>754D50311EFFBC2000BE04AC</key>
		<dict>
			<key>fileRef</key>
			<string>754D50301EFFBC2000BE04AC</string>
			<key>isa</key>
			<string>PBXBuildFile</string>
		</dict>
		<key>754D50321EFFBC2000BE04AC</key>
		<dict>
			<key>isa</key>
			<string>PBXFileReference</string>
			<key>lastKnownFileType</key>
			<string>text.plist.xml</string>
			<key>path</key>
			<string>Info.plist</string>
			<key>sourceTree</key>
			<string>&lt;group&gt;</string>
		</dict>
		<key>754D50331EFFBC2000BE04AC</key>
		<dict>
			<key>buildSettings</key>
			<dict>
				<key>ALWAYS_SEARCH_USER_PATHS</key>
				<string>NO</string>
				<key>CLANG_ANALYZER_NONNULL</key>
				<string>YES</string>
				<key>CLANG_ANALYZER_NUMBER_OBJECT_CONVERSION</key>
				<string>YES_AGGRESSIVE</string>
				<key>CLANG_CXX_LANGUAGE_STANDARD</key>
				<string>gnu++0x</string>
				<key>CLANG_CXX_LIBRARY</key>
				<string>libc++</string>
				<key>CLANG_ENABLE_MODULES</key>
				<string>YES</string>
				<key>CLANG_ENABLE_OBJC_ARC</key>
				<string>YES</string>
				<key>CLANG_WARN_BOOL_CONVERSION</key>
				<string>YES</string>
				<key>CLANG_WARN_CONSTANT_CONVERSION</key>
				<string>YES</string>
				<key>CLANG_WARN_DIRECT_OBJC_ISA_USAGE</key>
				<string>YES_ERROR</string>
				<key>CLANG_WARN_DOCUMENTATION_COMMENTS</key>
				<string>YES</string>
				<key>CLANG_WARN_EMPTY_BODY</key>
				<string>YES</string>
				<key>CLANG_WARN_ENUM_CONVERSION</key>
				<string>YES</string>
				<key>CLANG_WARN_INFINITE_RECURSION</key>
				<string>YES</string>
				<key>CLANG_WARN_INT_CONVERSION</key>
				<string>YES</string>
				<key>CLANG_WARN_OBJC_ROOT_CLASS</key>
				<string>YES_ERROR</string>
				<key>CLANG_WARN_SUSPICIOUS_MOVE</key>
				<string>YES</string>
				<key>CLANG_WARN_UNREACHABLE_CODE</key>
				<string>YES</string>
				<key>CLANG_WARN__DUPLICATE_METHOD_MATCH</key>
				<string>YES</string>
				<key>CODE_SIGN_IDENTITY[sdk=iphoneos*]</key>
				<string>iPhone Developer</string>
				<key>COPY_PHASE_STRIP</key>
				<string>NO</string>
				<key>DEBUG_INFORMATION_FORMAT</key>
				<string>dwarf</string>
				<key>ENABLE_STRICT_OBJC_MSGSEND</key>
				<string>YES</string>
				<key>ENABLE_TESTABILITY</key>
				<string>YES</string>
				<key>GCC_C_LANGUAGE_STANDARD</key>
				<string>gnu99</string>
				<key>GCC_DYNAMIC_NO_PIC</key>
				<string>NO</string>
				<key>GCC_NO_COMMON_BLOCKS</key>
				<string>YES</string>
				<key>GCC_OPTIMIZATION_LEVEL</key>
				<string>0</string>
				<key>GCC_PREPROCESSOR_DEFINITIONS</key>
				<array>
					<string>DEBUG=1</string>
					<string>$(inherited)</string>
				</array>
				<key>GCC_WARN_64_TO_32_BIT_CONVERSION</key>
				<string>YES</string>
				<key>GCC_WARN_ABOUT_RETURN_TYPE</key>
				<string>YES_ERROR</string>
				<key>GCC_WARN_UNDECLARED_SELECTOR</key>
				<string>YES</string>
				<key>GCC_WARN_UNINITIALIZED_AUTOS</key>
				<string>YES_AGGRESSIVE</string>
				<key>GCC_WARN_UNUSED_FUNCTION</key>
				<string>YES</string>
				<key>GCC_WARN_UNUSED_VARIABLE</key>
				<string>YES</string>
				<key>IPHONEOS_DEPLOYMENT_TARGET</key>
				<string>10.3</string>
				<key>MTL_ENABLE_DEBUG_INFO</key>
				<string>YES</string>
				<key>ONLY_ACTIVE_ARCH</key>
				<string>YES</string>
				<key>SDKROOT</key>
				<string>iphoneos</string>
				<key>SWIFT_ACTIVE_COMPILATION_CONDITIONS</key>
				<string>DEBUG</string>
				<key>SWIFT_OPTIMIZATION_LEVEL</key>
				<string>-Onone</string>
				<key>TARGETED_DEVICE_FAMILY</key>
				<string>1,2</string>
			</dict>
			<key>isa</key>
			<string>XCBuildConfiguration</string>
			<key>name</key>
			<string>Debug</string>
		</dict>
		<key>754D50341EFFBC2000BE04AC</key>
		<dict>
			<key>buildSettings</key>
			<dict>
				<key>ALWAYS_SEARCH_USER_PATHS</key>
				<string>NO</string>
				<key>CLANG_ANALYZER_NONNULL</key>
				<string>YES</string>
				<key>CLANG_ANALYZER_NUMBER_OBJECT_CONVERSION</key>
				<string>YES_AGGRESSIVE</string>
				<key>CLANG_CXX_LANGUAGE_STANDARD</key>
				<string>gnu++0x</string>
				<key>CLANG_CXX_LIBRARY</key>
				<string>libc++</string>
				<key>CLANG_ENABLE_MODULES</key>
				<string>YES</string>
				<key>CLANG_ENABLE_OBJC_ARC</key>
				<string>YES</string>
				<key>CLANG_WARN_BOOL_CONVERSION</key>
				<string>YES</string>
				<key>CLANG_WARN_CONSTANT_CONVERSION</key>
				<string>YES</string>
				<key>CLANG_WARN_DIRECT_OBJC_ISA_USAGE</key>
				<string>YES_ERROR</string>
				<key>CLANG_WARN_DOCUMENTATION_COMMENTS</key>
				<string>YES</string>
				<key>CLANG_WARN_EMPTY_BODY</key>
				<string>YES</string>
				<key>CLANG_WARN_ENUM_CONVERSION</key>
				<string>YES</string>
				<key>CLANG_WARN_INFINITE_RECURSION</key>
				<string>YES</string>
				<key>CLANG_WARN_INT_CONVERSION</key>
				<string>YES</string>
				<key>CLANG_WARN_OBJC_ROOT_CLASS</key>
				<string>YES_ERROR</string>
				<key>CLANG_WARN_SUSPICIOUS_MOVE</key>
				<string>YES</string>
				<key>CLANG_WARN_UNREACHABLE_CODE</key>
				<string>YES</string>
				<key>CLANG_WARN__DUPLICATE_METHOD_MATCH</key>
				<string>YES</string>
				<key>CODE_SIGN_IDENTITY[sdk=iphoneos*]</key>
				<string>iPhone Developer</string>
				<key>COPY_PHASE_STRIP</key>
				<string>NO</string>
				<key>DEBUG_INFORMATION_FORMAT</key>
				<string>dwarf-with-dsym</string>
				<key>ENABLE_NS_ASSERTIONS</key>
				<string>NO</string>
				<key>ENABLE_STRICT_OBJC_MSGSEND</key>
				<string>YES</string>
				<key>GCC_C_LANGUAGE_STANDARD</key>
				<string>gnu99</string>
				<key>GCC_NO_COMMON_BLOCKS</key>
				<string>YES</string>
				<key>GCC_WARN_64_TO_32_BIT_CONVERSION</key>
				<string>YES</string>
				<key>GCC_WARN_ABOUT_RETURN_TYPE</key>
				<string>YES_ERROR</string>
				<key>GCC_WARN_UNDECLARED_SELECTOR</key>
				<string>YES</string>
				<key>GCC_WARN_UNINITIALIZED_AUTOS</key>
				<string>YES_AGGRESSIVE</string>
				<key>GCC_WARN_UNUSED_FUNCTION</key>
				<string>YES</string>
				<key>GCC_WARN_UNUSED_VARIABLE</key>
				<string>YES</string>
				<key>IPHONEOS_DEPLOYMENT_TARGET</key>
				<string>10.3</string>
				<key>MTL_ENABLE_DEBUG_INFO</key>
				<string>NO</string>
				<key>SDKROOT</key>
				<string>iphoneos</string>
				<key>SWIFT_OPTIMIZATION_LEVEL</key>
				<string>-Owholemodule</string>
				<key>TARGETED_DEVICE_FAMILY</key>
				<string>1,2</string>
				<key>VALIDATE_PRODUCT</key>
				<string>YES</string>
			</dict>
			<key>isa</key>
			<string>XCBuildConfiguration</string>
			<key>name</key>
			<string>Release</string>
		</dict>
		<key>754D50351EFFBC2000BE04AC</key>
		<dict>
			<key>buildConfigurations</key>
			<array>
				<string>754D50361EFFBC2000BE04AC</string>
				<string>754D50371EFFBC2000BE04AC</string>
			</array>
			<key>defaultConfigurationIsVisible</key>
			<string>0</string>
			<key>defaultConfigurationName</key>
			<string>Release</string>
			<key>isa</key>
			<string>XCConfigurationList</string>
		</dict>
		<key>754D50361EFFBC2000BE04AC</key>
		<dict>
			<key>baseConfigurationReference</key>
			<string>C016B6ABAD9CFB3BD333A951</string>
			<key>buildSettings</key>
			<dict>
				<key>ASSETCATALOG_COMPILER_APPICON_NAME</key>
				<string>AppIcon</string>
				<key>DEVELOPMENT_TEAM</key>
				<string>DVT26A466Y</string>
				<key>INFOPLIST_FILE</key>
				<string>uHype/Info.plist</string>
				<key>IPHONEOS_DEPLOYMENT_TARGET</key>
				<string>10.0</string>
				<key>LD_RUNPATH_SEARCH_PATHS</key>
				<string>$(inherited) @executable_path/Frameworks</string>
				<key>PRODUCT_BUNDLE_IDENTIFIER</key>
				<string>com.uHype.uHype</string>
				<key>PRODUCT_NAME</key>
				<string>$(TARGET_NAME)</string>
				<key>SWIFT_VERSION</key>
				<string>3.0</string>
			</dict>
			<key>isa</key>
			<string>XCBuildConfiguration</string>
			<key>name</key>
			<string>Debug</string>
		</dict>
		<key>754D50371EFFBC2000BE04AC</key>
		<dict>
			<key>baseConfigurationReference</key>
			<string>81C3EFCD9FDFAE8B44203116</string>
			<key>buildSettings</key>
			<dict>
				<key>ASSETCATALOG_COMPILER_APPICON_NAME</key>
				<string>AppIcon</string>
				<key>DEVELOPMENT_TEAM</key>
				<string>DVT26A466Y</string>
				<key>INFOPLIST_FILE</key>
				<string>uHype/Info.plist</string>
				<key>IPHONEOS_DEPLOYMENT_TARGET</key>
				<string>10.0</string>
				<key>LD_RUNPATH_SEARCH_PATHS</key>
				<string>$(inherited) @executable_path/Frameworks</string>
				<key>PRODUCT_BUNDLE_IDENTIFIER</key>
				<string>com.uHype.uHype</string>
				<key>PRODUCT_NAME</key>
				<string>$(TARGET_NAME)</string>
				<key>SWIFT_VERSION</key>
				<string>3.0</string>
			</dict>
			<key>isa</key>
			<string>XCBuildConfiguration</string>
			<key>name</key>
			<string>Release</string>
		</dict>
		<key>754D50381EFFBC2000BE04AC</key>
		<dict>
			<key>buildConfigurations</key>
			<array>
				<string>754D50391EFFBC2000BE04AC</string>
				<string>754D503A1EFFBC2000BE04AC</string>
			</array>
			<key>defaultConfigurationIsVisible</key>
			<string>0</string>
			<key>defaultConfigurationName</key>
			<string>Release</string>
			<key>isa</key>
			<string>XCConfigurationList</string>
		</dict>
		<key>754D50391EFFBC2000BE04AC</key>
		<dict>
			<key>buildSettings</key>
			<dict>
				<key>ALWAYS_EMBED_SWIFT_STANDARD_LIBRARIES</key>
				<string>YES</string>
				<key>BUNDLE_LOADER</key>
				<string>$(TEST_HOST)</string>
				<key>DEVELOPMENT_TEAM</key>
				<string>DVT26A466Y</string>
				<key>INFOPLIST_FILE</key>
				<string>uHypeTests/Info.plist</string>
				<key>LD_RUNPATH_SEARCH_PATHS</key>
				<string>$(inherited) @executable_path/Frameworks @loader_path/Frameworks</string>
				<key>PRODUCT_BUNDLE_IDENTIFIER</key>
				<string>com.uHype.uHypeTests</string>
				<key>PRODUCT_NAME</key>
				<string>$(TARGET_NAME)</string>
				<key>SWIFT_VERSION</key>
				<string>3.0</string>
				<key>TEST_HOST</key>
				<string>$(BUILT_PRODUCTS_DIR)/uHype.app/uHype</string>
			</dict>
			<key>isa</key>
			<string>XCBuildConfiguration</string>
			<key>name</key>
			<string>Debug</string>
		</dict>
		<key>754D503A1EFFBC2000BE04AC</key>
		<dict>
			<key>buildSettings</key>
			<dict>
				<key>ALWAYS_EMBED_SWIFT_STANDARD_LIBRARIES</key>
				<string>YES</string>
				<key>BUNDLE_LOADER</key>
				<string>$(TEST_HOST)</string>
				<key>DEVELOPMENT_TEAM</key>
				<string>DVT26A466Y</string>
				<key>INFOPLIST_FILE</key>
				<string>uHypeTests/Info.plist</string>
				<key>LD_RUNPATH_SEARCH_PATHS</key>
				<string>$(inherited) @executable_path/Frameworks @loader_path/Frameworks</string>
				<key>PRODUCT_BUNDLE_IDENTIFIER</key>
				<string>com.uHype.uHypeTests</string>
				<key>PRODUCT_NAME</key>
				<string>$(TARGET_NAME)</string>
				<key>SWIFT_VERSION</key>
				<string>3.0</string>
				<key>TEST_HOST</key>
				<string>$(BUILT_PRODUCTS_DIR)/uHype.app/uHype</string>
			</dict>
			<key>isa</key>
			<string>XCBuildConfiguration</string>
			<key>name</key>
			<string>Release</string>
		</dict>
		<key>754D503B1EFFBC2000BE04AC</key>
		<dict>
			<key>buildConfigurations</key>
			<array>
				<string>754D503C1EFFBC2000BE04AC</string>
				<string>754D503D1EFFBC2000BE04AC</string>
			</array>
			<key>defaultConfigurationIsVisible</key>
			<string>0</string>
			<key>defaultConfigurationName</key>
			<string>Release</string>
			<key>isa</key>
			<string>XCConfigurationList</string>
		</dict>
		<key>754D503C1EFFBC2000BE04AC</key>
		<dict>
			<key>buildSettings</key>
			<dict>
				<key>ALWAYS_EMBED_SWIFT_STANDARD_LIBRARIES</key>
				<string>YES</string>
				<key>DEVELOPMENT_TEAM</key>
				<string>DVT26A466Y</string>
				<key>INFOPLIST_FILE</key>
				<string>uHypeUITests/Info.plist</string>
				<key>LD_RUNPATH_SEARCH_PATHS</key>
				<string>$(inherited) @executable_path/Frameworks @loader_path/Frameworks</string>
				<key>PRODUCT_BUNDLE_IDENTIFIER</key>
				<string>com.uHype.uHypeUITests</string>
				<key>PRODUCT_NAME</key>
				<string>$(TARGET_NAME)</string>
				<key>SWIFT_VERSION</key>
				<string>3.0</string>
				<key>TEST_TARGET_NAME</key>
				<string>uHype</string>
			</dict>
			<key>isa</key>
			<string>XCBuildConfiguration</string>
			<key>name</key>
			<string>Debug</string>
		</dict>
		<key>754D503D1EFFBC2000BE04AC</key>
		<dict>
			<key>buildSettings</key>
			<dict>
				<key>ALWAYS_EMBED_SWIFT_STANDARD_LIBRARIES</key>
				<string>YES</string>
				<key>DEVELOPMENT_TEAM</key>
				<string>DVT26A466Y</string>
				<key>INFOPLIST_FILE</key>
				<string>uHypeUITests/Info.plist</string>
				<key>LD_RUNPATH_SEARCH_PATHS</key>
				<string>$(inherited) @executable_path/Frameworks @loader_path/Frameworks</string>
				<key>PRODUCT_BUNDLE_IDENTIFIER</key>
				<string>com.uHype.uHypeUITests</string>
				<key>PRODUCT_NAME</key>
				<string>$(TARGET_NAME)</string>
				<key>SWIFT_VERSION</key>
				<string>3.0</string>
				<key>TEST_TARGET_NAME</key>
				<string>uHype</string>
			</dict>
			<key>isa</key>
			<string>XCBuildConfiguration</string>
			<key>name</key>
			<string>Release</string>
		</dict>
		<key>754D503E1EFFBCED00BE04AC</key>
		<dict>
			<key>fileEncoding</key>
			<string>4</string>
			<key>isa</key>
			<string>PBXFileReference</string>
			<key>lastKnownFileType</key>
			<string>file.storyboard</string>
			<key>path</key>
			<string>Registration.storyboard</string>
			<key>sourceTree</key>
			<string>&lt;group&gt;</string>
		</dict>
		<key>754D503F1EFFBCED00BE04AC</key>
		<dict>
			<key>fileRef</key>
			<string>754D503E1EFFBCED00BE04AC</string>
			<key>isa</key>
			<string>PBXBuildFile</string>
		</dict>
		<key>754D50401F01B84000BE04AC</key>
		<dict>
			<key>children</key>
			<array>
				<string>754D50411F01B86600BE04AC</string>
				<string>754D50431F01B87800BE04AC</string>
			</array>
			<key>isa</key>
			<string>PBXGroup</string>
			<key>name</key>
			<string>Registration Module</string>
			<key>sourceTree</key>
			<string>&lt;group&gt;</string>
		</dict>
		<key>754D50411F01B86600BE04AC</key>
		<dict>
			<key>fileEncoding</key>
			<string>4</string>
			<key>isa</key>
			<string>PBXFileReference</string>
			<key>lastKnownFileType</key>
			<string>sourcecode.swift</string>
			<key>path</key>
			<string>LoginViewController.swift</string>
			<key>sourceTree</key>
			<string>&lt;group&gt;</string>
		</dict>
		<key>754D50421F01B86600BE04AC</key>
		<dict>
			<key>fileRef</key>
			<string>754D50411F01B86600BE04AC</string>
			<key>isa</key>
			<string>PBXBuildFile</string>
		</dict>
		<key>754D50431F01B87800BE04AC</key>
		<dict>
			<key>fileEncoding</key>
			<string>4</string>
			<key>isa</key>
			<string>PBXFileReference</string>
			<key>lastKnownFileType</key>
			<string>sourcecode.swift</string>
			<key>path</key>
			<string>SignUpViewController.swift</string>
			<key>sourceTree</key>
			<string>&lt;group&gt;</string>
		</dict>
		<key>754D50441F01B87800BE04AC</key>
		<dict>
			<key>fileRef</key>
			<string>754D50431F01B87800BE04AC</string>
			<key>isa</key>
			<string>PBXBuildFile</string>
		</dict>
		<key>754D50451F0223FB00BE04AC</key>
		<dict>
			<key>fileEncoding</key>
			<string>4</string>
			<key>isa</key>
			<string>PBXFileReference</string>
			<key>lastKnownFileType</key>
			<string>sourcecode.swift</string>
			<key>path</key>
			<string>CameraCaptureViewController.swift</string>
			<key>sourceTree</key>
			<string>&lt;group&gt;</string>
		</dict>
		<key>754D50461F0223FB00BE04AC</key>
		<dict>
			<key>fileRef</key>
			<string>754D50451F0223FB00BE04AC</string>
			<key>isa</key>
			<string>PBXBuildFile</string>
		</dict>
		<key>754D50471F02245F00BE04AC</key>
		<dict>
			<key>fileEncoding</key>
			<string>4</string>
			<key>isa</key>
			<string>PBXFileReference</string>
			<key>lastKnownFileType</key>
			<string>sourcecode.swift</string>
			<key>path</key>
			<string>Extensions.swift</string>
			<key>sourceTree</key>
			<string>&lt;group&gt;</string>
		</dict>
		<key>754D50481F02245F00BE04AC</key>
		<dict>
			<key>fileRef</key>
			<string>754D50471F02245F00BE04AC</string>
			<key>isa</key>
			<string>PBXBuildFile</string>
		</dict>
		<key>81C3EFCD9FDFAE8B44203116</key>
		<dict>
			<key>includeInIndex</key>
			<string>1</string>
			<key>isa</key>
			<string>PBXFileReference</string>
			<key>lastKnownFileType</key>
			<string>text.xcconfig</string>
			<key>name</key>
			<string>Pods-uHype.release.xcconfig</string>
			<key>path</key>
			<string>Pods/Target Support Files/Pods-uHype/Pods-uHype.release.xcconfig</string>
			<key>sourceTree</key>
			<string>&lt;group&gt;</string>
		</dict>
		<key>93B2F4D0245BC09030D7AADE</key>
		<dict>
			<key>fileRef</key>
			<string>7285F8DDE0EA2AFF5DDC65E2</string>
			<key>isa</key>
			<string>PBXBuildFile</string>
		</dict>
		<key>9886094F686EA3A923CF1338</key>
		<dict>
			<key>buildActionMask</key>
			<string>2147483647</string>
			<key>files</key>
			<array/>
			<key>inputPaths</key>
			<array/>
			<key>isa</key>
			<string>PBXShellScriptBuildPhase</string>
			<key>name</key>
			<string>&#128230; Embed Pods Frameworks</string>
			<key>outputPaths</key>
			<array/>
			<key>runOnlyForDeploymentPostprocessing</key>
			<string>0</string>
			<key>shellPath</key>
			<string>/bin/sh</string>
			<key>shellScript</key>
			<string>"${SRCROOT}/Pods/Target Support Files/Pods-uHype/Pods-uHype-frameworks.sh"
</string>
			<key>showEnvVarsInLog</key>
			<string>0</string>
		</dict>
		<key>9D29519491202F9FAB079FC5</key>
		<dict>
			<key>children</key>
			<array>
				<string>7285F8DDE0EA2AFF5DDC65E2</string>
			</array>
			<key>isa</key>
			<string>PBXGroup</string>
			<key>name</key>
			<string>Frameworks</string>
			<key>sourceTree</key>
			<string>&lt;group&gt;</string>
		</dict>
		<key>C016B6ABAD9CFB3BD333A951</key>
		<dict>
			<key>includeInIndex</key>
			<string>1</string>
			<key>isa</key>
			<string>PBXFileReference</string>
			<key>lastKnownFileType</key>
			<string>text.xcconfig</string>
			<key>name</key>
			<string>Pods-uHype.debug.xcconfig</string>
			<key>path</key>
			<string>Pods/Target Support Files/Pods-uHype/Pods-uHype.debug.xcconfig</string>
			<key>sourceTree</key>
			<string>&lt;group&gt;</string>
		</dict>
	</dict>
	<key>rootObject</key>
	<string>754D50021EFFBC2000BE04AC</string>
</dict>
</plist>
